
Microsoft Visual Studio Solution File, Format Version 12.00
# Visual Studio Version 17
VisualStudioVersion = 17.0.31903.59
MinimumVisualStudioVersion = 10.0.40219.1
Project("{9A19103F-16F7-4668-BE54-9A1E7A4F7556}") = "ResultMessageAndResultErrors", "ResultMessageAndResultErrors\ResultMessageAndResultErrors.csproj", "{7D039886-12EF-41C1-8D64-DBD109BD16B7}"
EndProject
Project("{2150E333-8FDC-42A3-9474-1A3956D46DE8}") = ".items", ".items", "{33B61A30-7252-4981-9ACF-9F0A082BD7A0}"
	ProjectSection(SolutionItems) = preProject
		Directory.Build.props = Directory.Build.props
	EndProjectSection
EndProject
Project("{2150E333-8FDC-42A3-9474-1A3956D46DE8}") = ".docs", ".docs", "{D41BB926-D974-4542-A173-4ABBF86D13CF}"
	ProjectSection(SolutionItems) = preProject
		..\docs\1.ResultMessageAndResultErrors.md = ..\docs\1.ResultMessageAndResultErrors.md
		..\docs\README.md = ..\docs\README.md
		..\docs\2.ValidableResult.md = ..\docs\2.ValidableResult.md
	EndProjectSection
EndProject
Project("{FAE04EC0-301F-11D3-BF4B-00C04F79EFBC}") = "ValidableResultSamples", "ValidableResultSamples\ValidableResultSamples.csproj", "{4A88C519-133F-4AF2-91EC-29DBC5DF6387}"
EndProject
Global
	GlobalSection(SolutionConfigurationPlatforms) = preSolution
		Debug|Any CPU = Debug|Any CPU
		Release|Any CPU = Release|Any CPU
	EndGlobalSection
	GlobalSection(ProjectConfigurationPlatforms) = postSolution
		{7D039886-12EF-41C1-8D64-DBD109BD16B7}.Debug|Any CPU.ActiveCfg = Debug|Any CPU
		{7D039886-12EF-41C1-8D64-DBD109BD16B7}.Debug|Any CPU.Build.0 = Debug|Any CPU
		{7D039886-12EF-41C1-8D64-DBD109BD16B7}.Release|Any CPU.ActiveCfg = Release|Any CPU
		{7D039886-12EF-41C1-8D64-DBD109BD16B7}.Release|Any CPU.Build.0 = Release|Any CPU
		{4A88C519-133F-4AF2-91EC-29DBC5DF6387}.Debug|Any CPU.ActiveCfg = Debug|Any CPU
		{4A88C519-133F-4AF2-91EC-29DBC5DF6387}.Debug|Any CPU.Build.0 = Debug|Any CPU
		{4A88C519-133F-4AF2-91EC-29DBC5DF6387}.Release|Any CPU.ActiveCfg = Release|Any CPU
		{4A88C519-133F-4AF2-91EC-29DBC5DF6387}.Release|Any CPU.Build.0 = Release|Any CPU
	EndGlobalSection
	GlobalSection(SolutionProperties) = preSolution
		HideSolutionNode = FALSE
	EndGlobalSection
	GlobalSection(ExtensibilityGlobals) = postSolution
		SolutionGuid = {EBD81570-0D56-4773-88D9-DA16E42D3A8B}
	EndGlobalSection
EndGlobal
